
Microsoft Visual Studio Solution File, Format Version 12.00
# Visual Studio Version 17
VisualStudioVersion = 17.13.35617.110 d17.13
MinimumVisualStudioVersion = 10.0.40219.1
Project("{FAE04EC0-301F-11D3-BF4B-00C04F79EFBC}") = "AvatarLockpick", "AvatarLockpick\AvatarLockpick.csproj", "{AF545187-5E26-474C-97C1-25E95799D44C}"
EndProject
Global
	GlobalSection(SolutionConfigurationPlatforms) = preSolution
		Debug|Any CPU = Debug|Any CPU
		Release|Any CPU = Release|Any CPU
	EndGlobalSection
	GlobalSection(ProjectConfigurationPlatforms) = postSolution
		{AF545187-5E26-474C-97C1-25E95799D44C}.Debug|Any CPU.ActiveCfg = Debug|Any CPU
		{AF545187-5E26-474C-97C1-25E95799D44C}.Debug|Any CPU.Build.0 = Debug|Any CPU
		{AF545187-5E26-474C-97C1-25E95799D44C}.Release|Any CPU.ActiveCfg = Release|Any CPU
		{AF545187-5E26-474C-97C1-25E95799D44C}.Release|Any CPU.Build.0 = Release|Any CPU
	EndGlobalSection
	GlobalSection(SolutionProperties) = preSolution
		HideSolutionNode = FALSE
	EndGlobalSection
	GlobalSection(ExtensibilityGlobals) = postSolution
		SolutionGuid = {28B53902-4C19-4F1B-BE99-65A06481063D}
	EndGlobalSection
EndGlobal
